{
  "version": "5",
  "remote": {
    "https://deno.land/std@0.224.0/async/delay.ts": "f90dd685b97c2f142b8069082993e437b1602b8e2561134827eeb7c12b95c499",
    "https://deno.land/std@0.224.0/http/server.ts": "f9313804bf6467a1704f45f76cb6cd0a3396a3b31c316035e6a4c2035d1ea514",
    "https://esm.sh/@supabase/supabase-js@2.45.4": "1108d69216995335d057dbd15907caaf514a4d1ef082f097050573b9d589a57c"
  },
  "workspace": {
    "packageJson": {
      "dependencies": [
        "npm:@playwright/test@^1.40.0",
        "npm:@sentry/react@^10.69.0",
        "npm:@supabase/supabase-js@^2.110.8",
        "npm:@tanstack/react-query-devtools@^4.40.0",
        "npm:@tanstack/react-query@^4.40.0",
        "npm:@testing-library/jest-dom@^6.1.4",
        "npm:@testing-library/react@^14.1.2",
        "npm:@testing-library/user-event@^14.5.1",
        "npm:@types/node@^20.10.0",
        "npm:@types/react-dom@^18.3.0",
        "npm:@types/react@^18.3.3",
        "npm:@typescript-eslint/eslint-plugin@7",
        "npm:@typescript-eslint/parser@7",
        "npm:@vitejs/plugin-react@5",
        "npm:@vitest/coverage-v8@^4.1.10",
        "npm:@vitest/ui@^4.1.10",
        "npm:autoprefixer@^10.4.19",
        "npm:eslint-config-prettier@^8.8.0",
        "npm:eslint-plugin-jsx-a11y@^6.7.1",
        "npm:eslint-plugin-react-hooks@4",
        "npm:eslint-plugin-react@^7.33.0",
        "npm:eslint@^8.49.0",
        "npm:framer-motion@^11.2.10",
        "npm:husky@^8.0.3",
        "npm:jsdom@23",
        "npm:lint-staged@^15.2.0",
        "npm:lucide-react@0.383",
        "npm:msw@^2.0.11",
        "npm:postcss@^8.4.38",
        "npm:prettier@^2.8.8",
        "npm:react-dom@^18.3.1",
        "npm:react-router-dom@^7.18.0",
        "npm:react@^18.3.1",
        "npm:tailwindcss@^3.4.4",
        "npm:typescript@^5.4.5",
        "npm:vite@^8.2.1",
        "npm:vitest@^4.1.10"
      ]
    }
  }
}
